{
  "pins" : [
    {
      "identity" : "sdwebimage",
      "kind" : "remoteSourceControl",
      "location" : "https://github.com/SDWebImage/SDWebImage.git",
      "state" : {
        "revision" : "fd1950de05a5ad77cb252fd88576c1e1809ee50d",
        "version" : "5.18.4"
      }
    }
  ],
  "version" : 2
}
